
Microsoft Visual Studio Solution File, Format Version 12.00
# Visual Studio Version 17
VisualStudioVersion = 17.12.35514.174 d17.12
MinimumVisualStudioVersion = 10.0.40219.1
Project("{FAE04EC0-301F-11D3-BF4B-00C04F79EFBC}") = "EjemplosDateTime", "EjemplosDateTime\EjemplosDateTime.csproj", "{01766D0E-2BCB-4292-8F51-809BBAB469D8}"
EndProject
Project("{FAE04EC0-301F-11D3-BF4B-00C04F79EFBC}") = "Ejemplo2", "Ejemplo2\Ejemplo2.csproj", "{ADCA0385-8241-4F1B-818A-C50DF7E8524F}"
EndProject
Global
	GlobalSection(SolutionConfigurationPlatforms) = preSolution
		Debug|Any CPU = Debug|Any CPU
		Release|Any CPU = Release|Any CPU
	EndGlobalSection
	GlobalSection(ProjectConfigurationPlatforms) = postSolution
		{01766D0E-2BCB-4292-8F51-809BBAB469D8}.Debug|Any CPU.ActiveCfg = Debug|Any CPU
		{01766D0E-2BCB-4292-8F51-809BBAB469D8}.Debug|Any CPU.Build.0 = Debug|Any CPU
		{01766D0E-2BCB-4292-8F51-809BBAB469D8}.Release|Any CPU.ActiveCfg = Release|Any CPU
		{01766D0E-2BCB-4292-8F51-809BBAB469D8}.Release|Any CPU.Build.0 = Release|Any CPU
		{ADCA0385-8241-4F1B-818A-C50DF7E8524F}.Debug|Any CPU.ActiveCfg = Debug|Any CPU
		{ADCA0385-8241-4F1B-818A-C50DF7E8524F}.Debug|Any CPU.Build.0 = Debug|Any CPU
		{ADCA0385-8241-4F1B-818A-C50DF7E8524F}.Release|Any CPU.ActiveCfg = Release|Any CPU
		{ADCA0385-8241-4F1B-818A-C50DF7E8524F}.Release|Any CPU.Build.0 = Release|Any CPU
	EndGlobalSection
	GlobalSection(SolutionProperties) = preSolution
		HideSolutionNode = FALSE
	EndGlobalSection
EndGlobal
