
Microsoft Visual Studio Solution File, Format Version 12.00
# Visual Studio Version 17
VisualStudioVersion = 17.12.35514.174 d17.12
MinimumVisualStudioVersion = 10.0.40219.1
Project("{FAE04EC0-301F-11D3-BF4B-00C04F79EFBC}") = "Presentacion", "Presentacion\Presentacion.csproj", "{BA2A727B-E021-4F25-B84A-03A190EB111B}"
EndProject
Project("{FAE04EC0-301F-11D3-BF4B-00C04F79EFBC}") = "Dominio", "Dominio\Dominio.csproj", "{740EA0DB-2D26-4A59-95C0-688222916146}"
EndProject
Project("{FAE04EC0-301F-11D3-BF4B-00C04F79EFBC}") = "Negocio", "Negocio\Negocio.csproj", "{B65A7267-BFDC-44EC-A61E-3947CFF83E27}"
EndProject
Global
	GlobalSection(SolutionConfigurationPlatforms) = preSolution
		Debug|Any CPU = Debug|Any CPU
		Release|Any CPU = Release|Any CPU
	EndGlobalSection
	GlobalSection(ProjectConfigurationPlatforms) = postSolution
		{BA2A727B-E021-4F25-B84A-03A190EB111B}.Debug|Any CPU.ActiveCfg = Debug|Any CPU
		{BA2A727B-E021-4F25-B84A-03A190EB111B}.Debug|Any CPU.Build.0 = Debug|Any CPU
		{BA2A727B-E021-4F25-B84A-03A190EB111B}.Release|Any CPU.ActiveCfg = Release|Any CPU
		{BA2A727B-E021-4F25-B84A-03A190EB111B}.Release|Any CPU.Build.0 = Release|Any CPU
		{740EA0DB-2D26-4A59-95C0-688222916146}.Debug|Any CPU.ActiveCfg = Debug|Any CPU
		{740EA0DB-2D26-4A59-95C0-688222916146}.Debug|Any CPU.Build.0 = Debug|Any CPU
		{740EA0DB-2D26-4A59-95C0-688222916146}.Release|Any CPU.ActiveCfg = Release|Any CPU
		{740EA0DB-2D26-4A59-95C0-688222916146}.Release|Any CPU.Build.0 = Release|Any CPU
		{B65A7267-BFDC-44EC-A61E-3947CFF83E27}.Debug|Any CPU.ActiveCfg = Debug|Any CPU
		{B65A7267-BFDC-44EC-A61E-3947CFF83E27}.Debug|Any CPU.Build.0 = Debug|Any CPU
		{B65A7267-BFDC-44EC-A61E-3947CFF83E27}.Release|Any CPU.ActiveCfg = Release|Any CPU
		{B65A7267-BFDC-44EC-A61E-3947CFF83E27}.Release|Any CPU.Build.0 = Release|Any CPU
	EndGlobalSection
	GlobalSection(SolutionProperties) = preSolution
		HideSolutionNode = FALSE
	EndGlobalSection
EndGlobal
