
Microsoft Visual Studio Solution File, Format Version 12.00
# Visual Studio Version 17
VisualStudioVersion = 17.12.35514.174 d17.12
MinimumVisualStudioVersion = 10.0.40219.1
Project("{FAE04EC0-301F-11D3-BF4B-00C04F79EFBC}") = "Herencia2", "Herencia2\Herencia2.csproj", "{B8B4BD56-7038-47F4-A340-FA1361EAE827}"
EndProject
Global
	GlobalSection(SolutionConfigurationPlatforms) = preSolution
		Debug|Any CPU = Debug|Any CPU
		Release|Any CPU = Release|Any CPU
	EndGlobalSection
	GlobalSection(ProjectConfigurationPlatforms) = postSolution
		{B8B4BD56-7038-47F4-A340-FA1361EAE827}.Debug|Any CPU.ActiveCfg = Debug|Any CPU
		{B8B4BD56-7038-47F4-A340-FA1361EAE827}.Debug|Any CPU.Build.0 = Debug|Any CPU
		{B8B4BD56-7038-47F4-A340-FA1361EAE827}.Release|Any CPU.ActiveCfg = Release|Any CPU
		{B8B4BD56-7038-47F4-A340-FA1361EAE827}.Release|Any CPU.Build.0 = Release|Any CPU
	EndGlobalSection
	GlobalSection(SolutionProperties) = preSolution
		HideSolutionNode = FALSE
	EndGlobalSection
EndGlobal
